// !$*UTF8*$!
{
	archiveVersion = 1;
	classes = {
	};
	objectVersion = 50;
	objects = {

/* Begin PBXBuildFile section */
		DBFB315B2609E3750087916D /* WonderfulCinemaApp.swift in Sources */ = {isa = PBXBuildFile; fileRef = DBFB315A2609E3750087916D /* WonderfulCinemaApp.swift */; };
		DBFB315D2609E3750087916D /* ContentView.swift in Sources */ = {isa = PBXBuildFile; fileRef = DBFB315C2609E3750087916D /* ContentView.swift */; };
		DBFB315F2609E3750087916D /* Assets.xcassets in Resources */ = {isa = PBXBuildFile; fileRef = DBFB315E2609E3750087916D /* Assets.xcassets */; };
		DBFB31622609E3750087916D /* Preview Assets.xcassets in Resources */ = {isa = PBXBuildFile; fileRef = DBFB31612609E3750087916D /* Preview Assets.xcassets */; };
		DBFB316D2609E3760087916D /* WonderfulCinemaTests.swift in Sources */ = {isa = PBXBuildFile; fileRef = DBFB316C2609E3760087916D /* WonderfulCinemaTests.swift */; };
		DBFB31782609E3760087916D /* WonderfulCinemaUITests.swift in Sources */ = {isa = PBXBuildFile; fileRef = DBFB31772609E3760087916D /* WonderfulCinemaUITests.swift */; };
/* End PBXBuildFile section */

/* Begin PBXContainerItemProxy section */
		DBFB31692609E3760087916D /* PBXContainerItemProxy */ = {
			isa = PBXContainerItemProxy;
			containerPortal = DBFB314F2609E3740087916D /* Project object */;
			proxyType = 1;
			remoteGlobalIDString = DBFB31562609E3750087916D;
			remoteInfo = WonderfulCinema;
		};
		DBFB31742609E3760087916D /* PBXContainerItemProxy */ = {
			isa = PBXContainerItemProxy;
			containerPortal = DBFB314F2609E3740087916D /* Project object */;
			proxyType = 1;
			remoteGlobalIDString = DBFB31562609E3750087916D;
			remoteInfo = WonderfulCinema;
		};
/* End PBXContainerItemProxy section */

/* Begin PBXFileReference section */
		DBFB31572609E3750087916D /* WonderfulCinema.app */ = {isa = PBXFileReference; explicitFileType = wrapper.application; includeInIndex = 0; path = WonderfulCinema.app; sourceTree = BUILT_PRODUCTS_DIR; };
		DBFB315A2609E3750087916D /* WonderfulCinemaApp.swift */ = {isa = PBXFileReference; lastKnownFileType = sourcecode.swift; path = WonderfulCinemaApp.swift; sourceTree = "<group>"; };
		DBFB315C2609E3750087916D /* ContentView.swift */ = {isa = PBXFileReference; lastKnownFileType = sourcecode.swift; path = ContentView.swift; sourceTree = "<group>"; };
		DBFB315E2609E3750087916D /* Assets.xcassets */ = {isa = PBXFileReference; lastKnownFileType = folder.assetcatalog; path = Assets.xcassets; sourceTree = "<group>"; };
		DBFB31612609E3750087916D /* Preview Assets.xcassets */ = {isa = PBXFileReference; lastKnownFileType = folder.assetcatalog; path = "Preview Assets.xcassets"; sourceTree = "<group>"; };
		DBFB31632609E3750087916D /* Info.plist */ = {isa = PBXFileReference; lastKnownFileType = text.plist.xml; path = Info.plist; sourceTree = "<group>"; };
		DBFB31682609E3760087916D /* WonderfulCinemaTests.xctest */ = {isa = PBXFileReference; explicitFileType = wrapper.cfbundle; includeInIndex = 0; path = WonderfulCinemaTests.xctest; sourceTree = BUILT_PRODUCTS_DIR; };
		DBFB316C2609E3760087916D /* WonderfulCinemaTests.swift */ = {isa = PBXFileReference; lastKnownFileType = sourcecode.swift; path = WonderfulCinemaTests.swift; sourceTree = "<group>"; };
		DBFB316E2609E3760087916D /* Info.plist */ = {isa = PBXFileReference; lastKnownFileType = text.plist.xml; path = Info.plist; sourceTree = "<group>"; };
		DBFB31732609E3760087916D /* WonderfulCinemaUITests.xctest */ = {isa = PBXFileReference; explicitFileType = wrapper.cfbundle; includeInIndex = 0; path = WonderfulCinemaUITests.xctest; sourceTree = BUILT_PRODUCTS_DIR; };
		DBFB31772609E3760087916D /* WonderfulCinemaUITests.swift */ = {isa = PBXFileReference; lastKnownFileType = sourcecode.swift; path = WonderfulCinemaUITests.swift; sourceTree = "<group>"; };
		DBFB31792609E3760087916D /* Info.plist */ = {isa = PBXFileReference; lastKnownFileType = text.plist.xml; path = Info.plist; sourceTree = "<group>"; };
/* End PBXFileReference section */

/* Begin PBXFrameworksBuildPhase section */
		DBFB31542609E3750087916D /* Frameworks */ = {
			isa = PBXFrameworksBuildPhase;
			buildActionMask = 2147483647;
			files = (
			);
			runOnlyForDeploymentPostprocessing = 0;
		};
		DBFB31652609E3760087916D /* Frameworks */ = {
			isa = PBXFrameworksBuildPhase;
			buildActionMask = 2147483647;
			files = (
			);
			runOnlyForDeploymentPostprocessing = 0;
		};
		DBFB31702609E3760087916D /* Frameworks */ = {
			isa = PBXFrameworksBuildPhase;
			buildActionMask = 2147483647;
			files = (
			);
			runOnlyForDeploymentPostprocessing = 0;
		};
/* End PBXFrameworksBuildPhase section */

/* Begin PBXGroup section */
		DBFB314E2609E3740087916D = {
			isa = PBXGroup;
			children = (
				DBFB31592609E3750087916D /* WonderfulCinema */,
				DBFB316B2609E3760087916D /* WonderfulCinemaTests */,
				DBFB31762609E3760087916D /* WonderfulCinemaUITests */,
				DBFB31582609E3750087916D /* Products */,
			);
			sourceTree = "<group>";
		};
		DBFB31582609E3750087916D /* Products */ = {
			isa = PBXGroup;
			children = (
				DBFB31572609E3750087916D /* WonderfulCinema.app */,
				DBFB31682609E3760087916D /* WonderfulCinemaTests.xctest */,
				DBFB31732609E3760087916D /* WonderfulCinemaUITests.xctest */,
			);
			name = Products;
			sourceTree = "<group>";
		};
		DBFB31592609E3750087916D /* WonderfulCinema */ = {
			isa = PBXGroup;
			children = (
				DBFB315A2609E3750087916D /* WonderfulCinemaApp.swift */,
				DBFB315C2609E3750087916D /* ContentView.swift */,
				DBFB315E2609E3750087916D /* Assets.xcassets */,
				DBFB31632609E3750087916D /* Info.plist */,
				DBFB31602609E3750087916D /* Preview Content */,
			);
			path = WonderfulCinema;
			sourceTree = "<group>";
		};
		DBFB31602609E3750087916D /* Preview Content */ = {
			isa = PBXGroup;
			children = (
				DBFB31612609E3750087916D /* Preview Assets.xcassets */,
			);
			path = "Preview Content";
			sourceTree = "<group>";
		};
		DBFB316B2609E3760087916D /* WonderfulCinemaTests */ = {
			isa = PBXGroup;
			children = (
				DBFB316C2609E3760087916D /* WonderfulCinemaTests.swift */,
				DBFB316E2609E3760087916D /* Info.plist */,
			);
			path = WonderfulCinemaTests;
			sourceTree = "<group>";
		};
		DBFB31762609E3760087916D /* WonderfulCinemaUITests */ = {
			isa = PBXGroup;
			children = (
				DBFB31772609E3760087916D /* WonderfulCinemaUITests.swift */,
				DBFB31792609E3760087916D /* Info.plist */,
			);
			path = WonderfulCinemaUITests;
			sourceTree = "<group>";
		};
/* End PBXGroup section */

/* Begin PBXNativeTarget section */
		DBFB31562609E3750087916D /* WonderfulCinema */ = {
			isa = PBXNativeTarget;
			buildConfigurationList = DBFB317C2609E3760087916D /* Build configuration list for PBXNativeTarget "WonderfulCinema" */;
			buildPhases = (
				DBFB31532609E3750087916D /* Sources */,
				DBFB31542609E3750087916D /* Frameworks */,
				DBFB31552609E3750087916D /* Resources */,
			);
			buildRules = (
			);
			dependencies = (
			);
			name = WonderfulCinema;
			productName = WonderfulCinema;
			productReference = DBFB31572609E3750087916D /* WonderfulCinema.app */;
			productType = "com.apple.product-type.application";
		};
		DBFB31672609E3760087916D /* WonderfulCinemaTests */ = {
			isa = PBXNativeTarget;
			buildConfigurationList = DBFB317F2609E3760087916D /* Build configuration list for PBXNativeTarget "WonderfulCinemaTests" */;
			buildPhases = (
				DBFB31642609E3760087916D /* Sources */,
				DBFB31652609E3760087916D /* Frameworks */,
				DBFB31662609E3760087916D /* Resources */,
			);
			buildRules = (
			);
			dependencies = (
				DBFB316A2609E3760087916D /* PBXTargetDependency */,
			);
			name = WonderfulCinemaTests;
			productName = WonderfulCinemaTests;
			productReference = DBFB31682609E3760087916D /* WonderfulCinemaTests.xctest */;
			productType = "com.apple.product-type.bundle.unit-test";
		};
		DBFB31722609E3760087916D /* WonderfulCinemaUITests */ = {
			isa = PBXNativeTarget;
			buildConfigurationList = DBFB31822609E3760087916D /* Build configuration list for PBXNativeTarget "WonderfulCinemaUITests" */;
			buildPhases = (
				DBFB316F2609E3760087916D /* Sources */,
				DBFB31702609E3760087916D /* Frameworks */,
				DBFB31712609E3760087916D /* Resources */,
			);
			buildRules = (
			);
			dependencies = (
				DBFB31752609E3760087916D /* PBXTargetDependency */,
			);
			name = WonderfulCinemaUITests;
			productName = WonderfulCinemaUITests;
			productReference = DBFB31732609E3760087916D /* WonderfulCinemaUITests.xctest */;
			productType = "com.apple.product-type.bundle.ui-testing";
		};
/* End PBXNativeTarget section */

/* Begin PBXProject section */
		DBFB314F2609E3740087916D /* Project object */ = {
			isa = PBXProject;
			attributes = {
				LastSwiftUpdateCheck = 1240;
				LastUpgradeCheck = 1240;
				TargetAttributes = {
					DBFB31562609E3750087916D = {
						CreatedOnToolsVersion = 12.4;
					};
					DBFB31672609E3760087916D = {
						CreatedOnToolsVersion = 12.4;
						TestTargetID = DBFB31562609E3750087916D;
					};
					DBFB31722609E3760087916D = {
						CreatedOnToolsVersion = 12.4;
						TestTargetID = DBFB31562609E3750087916D;
					};
				};
			};
			buildConfigurationList = DBFB31522609E3750087916D /* Build configuration list for PBXProject "WonderfulCinema" */;
			compatibilityVersion = "Xcode 9.3";
			developmentRegion = en;
			hasScannedForEncodings = 0;
			knownRegions = (
				en,
				Base,
			);
			mainGroup = DBFB314E2609E3740087916D;
			productRefGroup = DBFB31582609E3750087916D /* Products */;
			projectDirPath = "";
			projectRoot = "";
			targets = (
				DBFB31562609E3750087916D /* WonderfulCinema */,
				DBFB31672609E3760087916D /* WonderfulCinemaTests */,
				DBFB31722609E3760087916D /* WonderfulCinemaUITests */,
			);
		};
/* End PBXProject section */

/* Begin PBXResourcesBuildPhase section */
		DBFB31552609E3750087916D /* Resources */ = {
			isa = PBXResourcesBuildPhase;
			buildActionMask = 2147483647;
			files = (
				DBFB31622609E3750087916D /* Preview Assets.xcassets in Resources */,
				DBFB315F2609E3750087916D /* Assets.xcassets in Resources */,
			);
			runOnlyForDeploymentPostprocessing = 0;
		};
		DBFB31662609E3760087916D /* Resources */ = {
			isa = PBXResourcesBuildPhase;
			buildActionMask = 2147483647;
			files = (
			);
			runOnlyForDeploymentPostprocessing = 0;
		};
		DBFB31712609E3760087916D /* Resources */ = {
			isa = PBXResourcesBuildPhase;
			buildActionMask = 2147483647;
			files = (
			);
			runOnlyForDeploymentPostprocessing = 0;
		};
/* End PBXResourcesBuildPhase section */

/* Begin PBXSourcesBuildPhase section */
		DBFB31532609E3750087916D /* Sources */ = {
			isa = PBXSourcesBuildPhase;
			buildActionMask = 2147483647;
			files = (
				DBFB315D2609E3750087916D /* ContentView.swift in Sources */,
				DBFB315B2609E3750087916D /* WonderfulCinemaApp.swift in Sources */,
			);
			runOnlyForDeploymentPostprocessing = 0;
		};
		DBFB31642609E3760087916D /* Sources */ = {
			isa = PBXSourcesBuildPhase;
			buildActionMask = 2147483647;
			files = (
				DBFB316D2609E3760087916D /* WonderfulCinemaTests.swift in Sources */,
			);
			runOnlyForDeploymentPostprocessing = 0;
		};
		DBFB316F2609E3760087916D /* Sources */ = {
			isa = PBXSourcesBuildPhase;
			buildActionMask = 2147483647;
			files = (
				DBFB31782609E3760087916D /* WonderfulCinemaUITests.swift in Sources */,
			);
			runOnlyForDeploymentPostprocessing = 0;
		};
/* End PBXSourcesBuildPhase section */

/* Begin PBXTargetDependency section */
		DBFB316A2609E3760087916D /* PBXTargetDependency */ = {
			isa = PBXTargetDependency;
			target = DBFB31562609E3750087916D /* WonderfulCinema */;
			targetProxy = DBFB31692609E3760087916D /* PBXContainerItemProxy */;
		};
		DBFB31752609E3760087916D /* PBXTargetDependency */ = {
			isa = PBXTargetDependency;
			target = DBFB31562609E3750087916D /* WonderfulCinema */;
			targetProxy = DBFB31742609E3760087916D /* PBXContainerItemProxy */;
		};
/* End PBXTargetDependency section */

/* Begin XCBuildConfiguration section */
		DBFB317A2609E3760087916D /* Debug */ = {
			isa = XCBuildConfiguration;
			buildSettings = {
				ALWAYS_SEARCH_USER_PATHS = NO;
				CLANG_ANALYZER_NONNULL = YES;
				CLANG_ANALYZER_NUMBER_OBJECT_CONVERSION = YES_AGGRESSIVE;
				CLANG_CXX_LANGUAGE_STANDARD = "gnu++14";
				CLANG_CXX_LIBRARY = "libc++";
				CLANG_ENABLE_MODULES = YES;
				CLANG_ENABLE_OBJC_ARC = YES;
				CLANG_ENABLE_OBJC_WEAK = YES;
				CLANG_WARN_BLOCK_CAPTURE_AUTORELEASING = YES;
				CLANG_WARN_BOOL_CONVERSION = YES;
				CLANG_WARN_COMMA = YES;
				CLANG_WARN_CONSTANT_CONVERSION = YES;
				CLANG_WARN_DEPRECATED_OBJC_IMPLEMENTATIONS = YES;
				CLANG_WARN_DIRECT_OBJC_ISA_USAGE = YES_ERROR;
				CLANG_WARN_DOCUMENTATION_COMMENTS = YES;
				CLANG_WARN_EMPTY_BODY = YES;
				CLANG_WARN_ENUM_CONVERSION = YES;
				CLANG_WARN_INFINITE_RECURSION = YES;
				CLANG_WARN_INT_CONVERSION = YES;
				CLANG_WARN_NON_LITERAL_NULL_CONVERSION = YES;
				CLANG_WARN_OBJC_IMPLICIT_RETAIN_SELF = YES;
				CLANG_WARN_OBJC_LITERAL_CONVERSION = YES;
				CLANG_WARN_OBJC_ROOT_CLASS = YES_ERROR;
				CLANG_WARN_QUOTED_INCLUDE_IN_FRAMEWORK_HEADER = YES;
				CLANG_WARN_RANGE_LOOP_ANALYSIS = YES;
				CLANG_WARN_STRICT_PROTOTYPES = YES;
				CLANG_WARN_SUSPICIOUS_MOVE = YES;
				CLANG_WARN_UNGUARDED_AVAILABILITY = YES_AGGRESSIVE;
				CLANG_WARN_UNREACHABLE_CODE = YES;
				CLANG_WARN__DUPLICATE_METHOD_MATCH = YES;
				COPY_PHASE_STRIP = NO;
				DEBUG_INFORMATION_FORMAT = dwarf;
				ENABLE_STRICT_OBJC_MSGSEND = YES;
				ENABLE_TESTABILITY = YES;
				GCC_C_LANGUAGE_STANDARD = gnu11;
				GCC_DYNAMIC_NO_PIC = NO;
				GCC_NO_COMMON_BLOCKS = YES;
				GCC_OPTIMIZATION_LEVEL = 0;
				GCC_PREPROCESSOR_DEFINITIONS = (
					"DEBUG=1",
					"$(inherited)",
				);
				GCC_WARN_64_TO_32_BIT_CONVERSION = YES;
				GCC_WARN_ABOUT_RETURN_TYPE = YES_ERROR;
				GCC_WARN_UNDECLARED_SELECTOR = YES;
				GCC_WARN_UNINITIALIZED_AUTOS = YES_AGGRESSIVE;
				GCC_WARN_UNUSED_FUNCTION = YES;
				GCC_WARN_UNUSED_VARIABLE = YES;
				IPHONEOS_DEPLOYMENT_TARGET = 14.4;
				MTL_ENABLE_DEBUG_INFO = INCLUDE_SOURCE;
				MTL_FAST_MATH = YES;
				ONLY_ACTIVE_ARCH = YES;
				SDKROOT = iphoneos;
				SWIFT_ACTIVE_COMPILATION_CONDITIONS = DEBUG;
				SWIFT_OPTIMIZATION_LEVEL = "-Onone";
			};
			name = Debug;
		};
		DBFB317B2609E3760087916D /* Release */ = {
			isa = XCBuildConfiguration;
			buildSettings = {
				ALWAYS_SEARCH_USER_PATHS = NO;
				CLANG_ANALYZER_NONNULL = YES;
				CLANG_ANALYZER_NUMBER_OBJECT_CONVERSION = YES_AGGRESSIVE;
				CLANG_CXX_LANGUAGE_STANDARD = "gnu++14";
				CLANG_CXX_LIBRARY = "libc++";
				CLANG_ENABLE_MODULES = YES;
				CLANG_ENABLE_OBJC_ARC = YES;
				CLANG_ENABLE_OBJC_WEAK = YES;
				CLANG_WARN_BLOCK_CAPTURE_AUTORELEASING = YES;
				CLANG_WARN_BOOL_CONVERSION = YES;
				CLANG_WARN_COMMA = YES;
				CLANG_WARN_CONSTANT_CONVERSION = YES;
				CLANG_WARN_DEPRECATED_OBJC_IMPLEMENTATIONS = YES;
				CLANG_WARN_DIRECT_OBJC_ISA_USAGE = YES_ERROR;
				CLANG_WARN_DOCUMENTATION_COMMENTS = YES;
				CLANG_WARN_EMPTY_BODY = YES;
				CLANG_WARN_ENUM_CONVERSION = YES;
				CLANG_WARN_INFINITE_RECURSION = YES;
				CLANG_WARN_INT_CONVERSION = YES;
				CLANG_WARN_NON_LITERAL_NULL_CONVERSION = YES;
				CLANG_WARN_OBJC_IMPLICIT_RETAIN_SELF = YES;
				CLANG_WARN_OBJC_LITERAL_CONVERSION = YES;
				CLANG_WARN_OBJC_ROOT_CLASS = YES_ERROR;
				CLANG_WARN_QUOTED_INCLUDE_IN_FRAMEWORK_HEADER = YES;
				CLANG_WARN_RANGE_LOOP_ANALYSIS = YES;
				CLANG_WARN_STRICT_PROTOTYPES = YES;
				CLANG_WARN_SUSPICIOUS_MOVE = YES;
				CLANG_WARN_UNGUARDED_AVAILABILITY = YES_AGGRESSIVE;
				CLANG_WARN_UNREACHABLE_CODE = YES;
				CLANG_WARN__DUPLICATE_METHOD_MATCH = YES;
				COPY_PHASE_STRIP = NO;
				DEBUG_INFORMATION_FORMAT = "dwarf-with-dsym";
				ENABLE_NS_ASSERTIONS = NO;
				ENABLE_STRICT_OBJC_MSGSEND = YES;
				GCC_C_LANGUAGE_STANDARD = gnu11;
				GCC_NO_COMMON_BLOCKS = YES;
				GCC_WARN_64_TO_32_BIT_CONVERSION = YES;
				GCC_WARN_ABOUT_RETURN_TYPE = YES_ERROR;
				GCC_WARN_UNDECLARED_SELECTOR = YES;
				GCC_WARN_UNINITIALIZED_AUTOS = YES_AGGRESSIVE;
				GCC_WARN_UNUSED_FUNCTION = YES;
				GCC_WARN_UNUSED_VARIABLE = YES;
				IPHONEOS_DEPLOYMENT_TARGET = 14.4;
				MTL_ENABLE_DEBUG_INFO = NO;
				MTL_FAST_MATH = YES;
				SDKROOT = iphoneos;
				SWIFT_COMPILATION_MODE = wholemodule;
				SWIFT_OPTIMIZATION_LEVEL = "-O";
				VALIDATE_PRODUCT = YES;
			};
			name = Release;
		};
		DBFB317D2609E3760087916D /* Debug */ = {
			isa = XCBuildConfiguration;
			buildSettings = {
				ASSETCATALOG_COMPILER_APPICON_NAME = AppIcon;
				ASSETCATALOG_COMPILER_GLOBAL_ACCENT_COLOR_NAME = AccentColor;
				CODE_SIGN_STYLE = Automatic;
				DEVELOPMENT_ASSET_PATHS = "\"WonderfulCinema/Preview Content\"";
				DEVELOPMENT_TEAM = VV5J8JYG4B;
				ENABLE_PREVIEWS = YES;
				INFOPLIST_FILE = WonderfulCinema/Info.plist;
				IPHONEOS_DEPLOYMENT_TARGET = 14.0;
				LD_RUNPATH_SEARCH_PATHS = (
					"$(inherited)",
					"@executable_path/Frameworks",
				);
				PRODUCT_BUNDLE_IDENTIFIER = com.thanhnguyen.WonderfulCinema;
				PRODUCT_NAME = "$(TARGET_NAME)";
				SWIFT_VERSION = 5.0;
				TARGETED_DEVICE_FAMILY = "1,2";
			};
			name = Debug;
		};
		DBFB317E2609E3760087916D /* Release */ = {
			isa = XCBuildConfiguration;
			buildSettings = {
				ASSETCATALOG_COMPILER_APPICON_NAME = AppIcon;
				ASSETCATALOG_COMPILER_GLOBAL_ACCENT_COLOR_NAME = AccentColor;
				CODE_SIGN_STYLE = Automatic;
				DEVELOPMENT_ASSET_PATHS = "\"WonderfulCinema/Preview Content\"";
				DEVELOPMENT_TEAM = VV5J8JYG4B;
				ENABLE_PREVIEWS = YES;
				INFOPLIST_FILE = WonderfulCinema/Info.plist;
				IPHONEOS_DEPLOYMENT_TARGET = 14.0;
				LD_RUNPATH_SEARCH_PATHS = (
					"$(inherited)",
					"@executable_path/Frameworks",
				);
				PRODUCT_BUNDLE_IDENTIFIER = com.thanhnguyen.WonderfulCinema;
				PRODUCT_NAME = "$(TARGET_NAME)";
				SWIFT_VERSION = 5.0;
				TARGETED_DEVICE_FAMILY = "1,2";
			};
			name = Release;
		};
		DBFB31802609E3760087916D /* Debug */ = {
			isa = XCBuildConfiguration;
			buildSettings = {
				ALWAYS_EMBED_SWIFT_STANDARD_LIBRARIES = YES;
				BUNDLE_LOADER = "$(TEST_HOST)";
				CODE_SIGN_STYLE = Automatic;
				DEVELOPMENT_TEAM = VV5J8JYG4B;
				INFOPLIST_FILE = WonderfulCinemaTests/Info.plist;
				IPHONEOS_DEPLOYMENT_TARGET = 14.0;
				LD_RUNPATH_SEARCH_PATHS = (
					"$(inherited)",
					"@executable_path/Frameworks",
					"@loader_path/Frameworks",
				);
				PRODUCT_BUNDLE_IDENTIFIER = com.thanhnguyen.WonderfulCinemaTests;
				PRODUCT_NAME = "$(TARGET_NAME)";
				SWIFT_VERSION = 5.0;
				TARGETED_DEVICE_FAMILY = "1,2";
				TEST_HOST = "$(BUILT_PRODUCTS_DIR)/WonderfulCinema.app/WonderfulCinema";
			};
			name = Debug;
		};
		DBFB31812609E3760087916D /* Release */ = {
			isa = XCBuildConfiguration;
			buildSettings = {
				ALWAYS_EMBED_SWIFT_STANDARD_LIBRARIES = YES;
				BUNDLE_LOADER = "$(TEST_HOST)";
				CODE_SIGN_STYLE = Automatic;
				DEVELOPMENT_TEAM = VV5J8JYG4B;
				INFOPLIST_FILE = WonderfulCinemaTests/Info.plist;
				IPHONEOS_DEPLOYMENT_TARGET = 14.0;
				LD_RUNPATH_SEARCH_PATHS = (
					"$(inherited)",
					"@executable_path/Frameworks",
					"@loader_path/Frameworks",
				);
				PRODUCT_BUNDLE_IDENTIFIER = com.thanhnguyen.WonderfulCinemaTests;
				PRODUCT_NAME = "$(TARGET_NAME)";
				SWIFT_VERSION = 5.0;
				TARGETED_DEVICE_FAMILY = "1,2";
				TEST_HOST = "$(BUILT_PRODUCTS_DIR)/WonderfulCinema.app/WonderfulCinema";
			};
			name = Release;
		};
		DBFB31832609E3760087916D /* Debug */ = {
			isa = XCBuildConfiguration;
			buildSettings = {
				ALWAYS_EMBED_SWIFT_STANDARD_LIBRARIES = YES;
				CODE_SIGN_STYLE = Automatic;
				DEVELOPMENT_TEAM = VV5J8JYG4B;
				INFOPLIST_FILE = WonderfulCinemaUITests/Info.plist;
				LD_RUNPATH_SEARCH_PATHS = (
					"$(inherited)",
					"@executable_path/Frameworks",
					"@loader_path/Frameworks",
				);
				PRODUCT_BUNDLE_IDENTIFIER = com.thanhnguyen.WonderfulCinemaUITests;
				PRODUCT_NAME = "$(TARGET_NAME)";
				SWIFT_VERSION = 5.0;
				TARGETED_DEVICE_FAMILY = "1,2";
				TEST_TARGET_NAME = WonderfulCinema;
			};
			name = Debug;
		};
		DBFB31842609E3760087916D /* Release */ = {
			isa = XCBuildConfiguration;
			buildSettings = {
				ALWAYS_EMBED_SWIFT_STANDARD_LIBRARIES = YES;
				CODE_SIGN_STYLE = Automatic;
				DEVELOPMENT_TEAM = VV5J8JYG4B;
				INFOPLIST_FILE = WonderfulCinemaUITests/Info.plist;
				LD_RUNPATH_SEARCH_PATHS = (
					"$(inherited)",
					"@executable_path/Frameworks",
					"@loader_path/Frameworks",
				);
				PRODUCT_BUNDLE_IDENTIFIER = com.thanhnguyen.WonderfulCinemaUITests;
				PRODUCT_NAME = "$(TARGET_NAME)";
				SWIFT_VERSION = 5.0;
				TARGETED_DEVICE_FAMILY = "1,2";
				TEST_TARGET_NAME = WonderfulCinema;
			};
			name = Release;
		};
/* End XCBuildConfiguration section */

/* Begin XCConfigurationList section */
		DBFB31522609E3750087916D /* Build configuration list for PBXProject "WonderfulCinema" */ = {
			isa = XCConfigurationList;
			buildConfigurations = (
				DBFB317A2609E3760087916D /* Debug */,
				DBFB317B2609E3760087916D /* Release */,
			);
			defaultConfigurationIsVisible = 0;
			defaultConfigurationName = Release;
		};
		DBFB317C2609E3760087916D /* Build configuration list for PBXNativeTarget "WonderfulCinema" */ = {
			isa = XCConfigurationList;
			buildConfigurations = (
				DBFB317D2609E3760087916D /* Debug */,
				DBFB317E2609E3760087916D /* Release */,
			);
			defaultConfigurationIsVisible = 0;
			defaultConfigurationName = Release;
		};
		DBFB317F2609E3760087916D /* Build configuration list for PBXNativeTarget "WonderfulCinemaTests" */ = {
			isa = XCConfigurationList;
			buildConfigurations = (
				DBFB31802609E3760087916D /* Debug */,
				DBFB31812609E3760087916D /* Release */,
			);
			defaultConfigurationIsVisible = 0;
			defaultConfigurationName = Release;
		};
		DBFB31822609E3760087916D /* Build configuration list for PBXNativeTarget "WonderfulCinemaUITests" */ = {
			isa = XCConfigurationList;
			buildConfigurations = (
				DBFB31832609E3760087916D /* Debug */,
				DBFB31842609E3760087916D /* Release */,
			);
			defaultConfigurationIsVisible = 0;
			defaultConfigurationName = Release;
		};
/* End XCConfigurationList section */
	};
	rootObject = DBFB314F2609E3740087916D /* Project object */;
}
